# This file is automatically @generated by Cargo.
# It is not intended for manual editing.
version = 4

[[package]]
name = "devdesk-core"
version = "0.1.0"

[[package]]
name = "devdesk-display"
version = "0.1.0"

[[package]]
name = "devdesk-ipc"
version = "0.1.0"

[[package]]
name = "devdesk-platform"
version = "0.1.0"

[[package]]
name = "devdesk-plugin-host"
version = "0.1.0"

[[package]]
name = "devdesk-storage"
version = "0.1.0"

[[package]]
name = "devdesk-telemetry"
version = "0.1.0"
